
Microsoft Visual Studio Solution File, Format Version 12.00
# Visual Studio 15
VisualStudioVersion = 15.0.26730.15
MinimumVisualStudioVersion = 10.0.40219.1
Project("{FAE04EC0-301F-11D3-BF4B-00C04F79EFBC}") = "EntidadesAbstractas", "EntidadesAbstractas\EntidadesAbstractas.csproj", "{60DD5B14-63ED-4C49-899F-3A32CF498AAC}"
EndProject
Project("{FAE04EC0-301F-11D3-BF4B-00C04F79EFBC}") = "EntidadesInstanciables", "EntidadesInstanciables\EntidadesInstanciables.csproj", "{29EF5CB0-489C-4C3A-8C8B-82F40D3971E1}"
EndProject
Project("{FAE04EC0-301F-11D3-BF4B-00C04F79EFBC}") = "Excepciones", "Excepciones\Excepciones.csproj", "{87C73FAB-F648-4BA2-ACF3-A50C439CE3CA}"
EndProject
Project("{FAE04EC0-301F-11D3-BF4B-00C04F79EFBC}") = "Archivos", "Archivos\Archivos.csproj", "{F63DB535-8178-4996-BFDE-8CF5B92B876C}"
EndProject
Project("{FAE04EC0-301F-11D3-BF4B-00C04F79EFBC}") = "TestUniversidad", "TestUniversidad\TestUniversidad.csproj", "{C343A628-0D23-4A46-9CD1-1ECA19AC678F}"
EndProject
Global
	GlobalSection(SolutionConfigurationPlatforms) = preSolution
		Debug|Any CPU = Debug|Any CPU
		Release|Any CPU = Release|Any CPU
	EndGlobalSection
	GlobalSection(ProjectConfigurationPlatforms) = postSolution
		{60DD5B14-63ED-4C49-899F-3A32CF498AAC}.Debug|Any CPU.ActiveCfg = Debug|Any CPU
		{60DD5B14-63ED-4C49-899F-3A32CF498AAC}.Debug|Any CPU.Build.0 = Debug|Any CPU
		{60DD5B14-63ED-4C49-899F-3A32CF498AAC}.Release|Any CPU.ActiveCfg = Release|Any CPU
		{60DD5B14-63ED-4C49-899F-3A32CF498AAC}.Release|Any CPU.Build.0 = Release|Any CPU
		{29EF5CB0-489C-4C3A-8C8B-82F40D3971E1}.Debug|Any CPU.ActiveCfg = Debug|Any CPU
		{29EF5CB0-489C-4C3A-8C8B-82F40D3971E1}.Debug|Any CPU.Build.0 = Debug|Any CPU
		{29EF5CB0-489C-4C3A-8C8B-82F40D3971E1}.Release|Any CPU.ActiveCfg = Release|Any CPU
		{29EF5CB0-489C-4C3A-8C8B-82F40D3971E1}.Release|Any CPU.Build.0 = Release|Any CPU
		{87C73FAB-F648-4BA2-ACF3-A50C439CE3CA}.Debug|Any CPU.ActiveCfg = Debug|Any CPU
		{87C73FAB-F648-4BA2-ACF3-A50C439CE3CA}.Debug|Any CPU.Build.0 = Debug|Any CPU
		{87C73FAB-F648-4BA2-ACF3-A50C439CE3CA}.Release|Any CPU.ActiveCfg = Release|Any CPU
		{87C73FAB-F648-4BA2-ACF3-A50C439CE3CA}.Release|Any CPU.Build.0 = Release|Any CPU
		{F63DB535-8178-4996-BFDE-8CF5B92B876C}.Debug|Any CPU.ActiveCfg = Debug|Any CPU
		{F63DB535-8178-4996-BFDE-8CF5B92B876C}.Debug|Any CPU.Build.0 = Debug|Any CPU
		{F63DB535-8178-4996-BFDE-8CF5B92B876C}.Release|Any CPU.ActiveCfg = Release|Any CPU
		{F63DB535-8178-4996-BFDE-8CF5B92B876C}.Release|Any CPU.Build.0 = Release|Any CPU
		{C343A628-0D23-4A46-9CD1-1ECA19AC678F}.Debug|Any CPU.ActiveCfg = Debug|Any CPU
		{C343A628-0D23-4A46-9CD1-1ECA19AC678F}.Debug|Any CPU.Build.0 = Debug|Any CPU
		{C343A628-0D23-4A46-9CD1-1ECA19AC678F}.Release|Any CPU.ActiveCfg = Release|Any CPU
		{C343A628-0D23-4A46-9CD1-1ECA19AC678F}.Release|Any CPU.Build.0 = Release|Any CPU
	EndGlobalSection
	GlobalSection(SolutionProperties) = preSolution
		HideSolutionNode = FALSE
	EndGlobalSection
	GlobalSection(ExtensibilityGlobals) = postSolution
		SolutionGuid = {305E4645-434E-475B-AEF7-52A92B069A40}
	EndGlobalSection
EndGlobal
